
Microsoft Visual Studio Solution File, Format Version 12.00
# Visual Studio Version 17
VisualStudioVersion = 17.9.34723.18
MinimumVisualStudioVersion = 10.0.40219.1
Project("{2150E333-8FDC-42A3-9474-1A3956D46DE8}") = "src", "src", "{6B4A1AE5-5BC7-4B9B-9F44-0EC8613D955A}"
EndProject
Project("{2150E333-8FDC-42A3-9474-1A3956D46DE8}") = "examples", "examples", "{2B5E53D7-C95D-4A44-87D0-EC9F1B0FDBA4}"
EndProject
Project("{2150E333-8FDC-42A3-9474-1A3956D46DE8}") = "tests", "tests", "{A7BA61C3-81D6-4D58-9070-8922966B5AC4}"
EndProject
Project("{FAE04EC0-301F-11D3-BF4B-00C04F79EFBC}") = "SbeCodeGenerator", "src\SbeCodeGenerator\SbeSourceGenerator.csproj", "{B18869DA-FC5E-4970-9292-61A32B89623A}"
EndProject
Project("{FAE04EC0-301F-11D3-BF4B-00C04F79EFBC}") = "SbeBinanceConsole", "examples\SbeBinanceConsole\SbeBinanceConsole.csproj", "{C694A196-7F3E-4C3D-8A6E-FF7B64827F02}"
EndProject
Project("{FAE04EC0-301F-11D3-BF4B-00C04F79EFBC}") = "SbeCodeGenerator.Tests", "tests\SbeCodeGenerator.Tests\SbeCodeGenerator.Tests.csproj", "{FA86CBBC-2212-458C-9B64-70751822D32D}"
EndProject
Project("{FAE04EC0-301F-11D3-BF4B-00C04F79EFBC}") = "SbeCodeGenerator.IntegrationTests", "tests\SbeCodeGenerator.IntegrationTests\SbeCodeGenerator.IntegrationTests.csproj", "{29D18EFB-AFEB-495E-9F9D-48481DD8BB12}"
EndProject
Global
	GlobalSection(SolutionConfigurationPlatforms) = preSolution
		Debug|Any CPU = Debug|Any CPU
		Debug|x64 = Debug|x64
		Debug|x86 = Debug|x86
		Release|Any CPU = Release|Any CPU
		Release|x64 = Release|x64
		Release|x86 = Release|x86
	EndGlobalSection
	GlobalSection(ProjectConfigurationPlatforms) = postSolution
		{B18869DA-FC5E-4970-9292-61A32B89623A}.Debug|Any CPU.ActiveCfg = Debug|Any CPU
		{B18869DA-FC5E-4970-9292-61A32B89623A}.Debug|Any CPU.Build.0 = Debug|Any CPU
		{B18869DA-FC5E-4970-9292-61A32B89623A}.Debug|x64.ActiveCfg = Debug|Any CPU
		{B18869DA-FC5E-4970-9292-61A32B89623A}.Debug|x64.Build.0 = Debug|Any CPU
		{B18869DA-FC5E-4970-9292-61A32B89623A}.Debug|x86.ActiveCfg = Debug|Any CPU
		{B18869DA-FC5E-4970-9292-61A32B89623A}.Debug|x86.Build.0 = Debug|Any CPU
		{B18869DA-FC5E-4970-9292-61A32B89623A}.Release|Any CPU.ActiveCfg = Release|Any CPU
		{B18869DA-FC5E-4970-9292-61A32B89623A}.Release|Any CPU.Build.0 = Release|Any CPU
		{B18869DA-FC5E-4970-9292-61A32B89623A}.Release|x64.ActiveCfg = Release|Any CPU
		{B18869DA-FC5E-4970-9292-61A32B89623A}.Release|x64.Build.0 = Release|Any CPU
		{B18869DA-FC5E-4970-9292-61A32B89623A}.Release|x86.ActiveCfg = Release|Any CPU
		{B18869DA-FC5E-4970-9292-61A32B89623A}.Release|x86.Build.0 = Release|Any CPU
		{C694A196-7F3E-4C3D-8A6E-FF7B64827F02}.Debug|Any CPU.ActiveCfg = Debug|Any CPU
		{C694A196-7F3E-4C3D-8A6E-FF7B64827F02}.Debug|Any CPU.Build.0 = Debug|Any CPU
		{C694A196-7F3E-4C3D-8A6E-FF7B64827F02}.Debug|x64.ActiveCfg = Debug|Any CPU
		{C694A196-7F3E-4C3D-8A6E-FF7B64827F02}.Debug|x64.Build.0 = Debug|Any CPU
		{C694A196-7F3E-4C3D-8A6E-FF7B64827F02}.Debug|x86.ActiveCfg = Debug|Any CPU
		{C694A196-7F3E-4C3D-8A6E-FF7B64827F02}.Debug|x86.Build.0 = Debug|Any CPU
		{C694A196-7F3E-4C3D-8A6E-FF7B64827F02}.Release|Any CPU.ActiveCfg = Release|Any CPU
		{C694A196-7F3E-4C3D-8A6E-FF7B64827F02}.Release|Any CPU.Build.0 = Release|Any CPU
		{C694A196-7F3E-4C3D-8A6E-FF7B64827F02}.Release|x64.ActiveCfg = Release|Any CPU
		{C694A196-7F3E-4C3D-8A6E-FF7B64827F02}.Release|x64.Build.0 = Release|Any CPU
		{C694A196-7F3E-4C3D-8A6E-FF7B64827F02}.Release|x86.ActiveCfg = Release|Any CPU
		{C694A196-7F3E-4C3D-8A6E-FF7B64827F02}.Release|x86.Build.0 = Release|Any CPU
		{FA86CBBC-2212-458C-9B64-70751822D32D}.Debug|Any CPU.ActiveCfg = Debug|Any CPU
		{FA86CBBC-2212-458C-9B64-70751822D32D}.Debug|Any CPU.Build.0 = Debug|Any CPU
		{FA86CBBC-2212-458C-9B64-70751822D32D}.Debug|x64.ActiveCfg = Debug|Any CPU
		{FA86CBBC-2212-458C-9B64-70751822D32D}.Debug|x64.Build.0 = Debug|Any CPU
		{FA86CBBC-2212-458C-9B64-70751822D32D}.Debug|x86.ActiveCfg = Debug|Any CPU
		{FA86CBBC-2212-458C-9B64-70751822D32D}.Debug|x86.Build.0 = Debug|Any CPU
		{FA86CBBC-2212-458C-9B64-70751822D32D}.Release|Any CPU.ActiveCfg = Release|Any CPU
		{FA86CBBC-2212-458C-9B64-70751822D32D}.Release|Any CPU.Build.0 = Release|Any CPU
		{FA86CBBC-2212-458C-9B64-70751822D32D}.Release|x64.ActiveCfg = Release|Any CPU
		{FA86CBBC-2212-458C-9B64-70751822D32D}.Release|x64.Build.0 = Release|Any CPU
		{FA86CBBC-2212-458C-9B64-70751822D32D}.Release|x86.ActiveCfg = Release|Any CPU
		{FA86CBBC-2212-458C-9B64-70751822D32D}.Release|x86.Build.0 = Release|Any CPU
		{29D18EFB-AFEB-495E-9F9D-48481DD8BB12}.Debug|Any CPU.ActiveCfg = Debug|Any CPU
		{29D18EFB-AFEB-495E-9F9D-48481DD8BB12}.Debug|Any CPU.Build.0 = Debug|Any CPU
		{29D18EFB-AFEB-495E-9F9D-48481DD8BB12}.Debug|x64.ActiveCfg = Debug|Any CPU
		{29D18EFB-AFEB-495E-9F9D-48481DD8BB12}.Debug|x64.Build.0 = Debug|Any CPU
		{29D18EFB-AFEB-495E-9F9D-48481DD8BB12}.Debug|x86.ActiveCfg = Debug|Any CPU
		{29D18EFB-AFEB-495E-9F9D-48481DD8BB12}.Debug|x86.Build.0 = Debug|Any CPU
		{29D18EFB-AFEB-495E-9F9D-48481DD8BB12}.Release|Any CPU.ActiveCfg = Release|Any CPU
		{29D18EFB-AFEB-495E-9F9D-48481DD8BB12}.Release|Any CPU.Build.0 = Release|Any CPU
		{29D18EFB-AFEB-495E-9F9D-48481DD8BB12}.Release|x64.ActiveCfg = Release|Any CPU
		{29D18EFB-AFEB-495E-9F9D-48481DD8BB12}.Release|x64.Build.0 = Release|Any CPU
		{29D18EFB-AFEB-495E-9F9D-48481DD8BB12}.Release|x86.ActiveCfg = Release|Any CPU
		{29D18EFB-AFEB-495E-9F9D-48481DD8BB12}.Release|x86.Build.0 = Release|Any CPU
	EndGlobalSection
	GlobalSection(SolutionProperties) = preSolution
		HideSolutionNode = FALSE
	EndGlobalSection
	GlobalSection(NestedProjects) = preSolution
		{B18869DA-FC5E-4970-9292-61A32B89623A} = {6B4A1AE5-5BC7-4B9B-9F44-0EC8613D955A}
		{C694A196-7F3E-4C3D-8A6E-FF7B64827F02} = {2B5E53D7-C95D-4A44-87D0-EC9F1B0FDBA4}
		{FA86CBBC-2212-458C-9B64-70751822D32D} = {A7BA61C3-81D6-4D58-9070-8922966B5AC4}
		{29D18EFB-AFEB-495E-9F9D-48481DD8BB12} = {A7BA61C3-81D6-4D58-9070-8922966B5AC4}
	EndGlobalSection
	GlobalSection(ExtensibilityGlobals) = postSolution
		SolutionGuid = {CE848C01-2DBB-46A1-8109-0530ED9F07AB}
	EndGlobalSection
EndGlobal
